<?xml version="1.0" encoding="utf-8"?>
<Project ToolsVersion="4.0" xmlns="http://schemas.microsoft.com/developer/msbuild/2003">
  <ItemGroup>
    <Filter Include="源文件">
      <UniqueIdentifier>{4FC737F1-C7A5-4376-A066-2A32D752A2FF}</UniqueIdentifier>
      <Extensions>cpp;c;cc;cxx;def;odl;idl;hpj;bat;asm;asmx</Extensions>
    </Filter>
    <Filter Include="头文件">
      <UniqueIdentifier>{93995380-89BD-4b04-88EB-625FBE52EBFB}</UniqueIdentifier>
      <Extensions>h;hh;hpp;hxx;hm;inl;inc;ipp;xsd</Extensions>
    </Filter>
    <Filter Include="资源文件">
      <UniqueIdentifier>{67DA6AB6-F800-4c08-8B7A-83BB121AAD01}</UniqueIdentifier>
      <Extensions>rc;ico;cur;bmp;dlg;rc2;rct;bin;rgs;gif;jpg;jpeg;jpe;resx;tiff;tif;png;wav;mfcribbon-ms</Extensions>
    </Filter>
    <Filter Include="base">
      <UniqueIdentifier>{4feb6521-7325-4dcc-9139-c169039c24c4}</UniqueIdentifier>
    </Filter>
  </ItemGroup>
  <ItemGroup>
    <ClCompile Include="mqtestclient.cpp">
      <Filter>源文件</Filter>
    </ClCompile>
    <ClCompile Include="RocketMQ.cpp">
      <Filter>源文件</Filter>
    </ClCompile>
    <ClCompile Include="Global.cpp">
      <Filter>源文件</Filter>
    </ClCompile>
    <ClCompile Include="MsgListener.cpp">
      <Filter>源文件</Filter>
    </ClCompile>
    <ClCompile Include="Consumer.cpp">
      <Filter>源文件</Filter>
    </ClCompile>
    <ClCompile Include="Producer.cpp">
      <Filter>源文件</Filter>
    </ClCompile>
    <ClCompile Include="MsgHandler.cpp">
      <Filter>源文件</Filter>
    </ClCompile>
    <ClCompile Include="base\Base64.cpp">
      <Filter>base</Filter>
    </ClCompile>
    <ClCompile Include="base\BaseSocket.cpp">
      <Filter>base</Filter>
    </ClCompile>
    <ClCompile Include="base\Condition.cpp">
      <Filter>base</Filter>
    </ClCompile>
    <ClCompile Include="base\ConfigFileReader.cpp">
      <Filter>base</Filter>
    </ClCompile>
    <ClCompile Include="base\EncDec.cpp">
      <Filter>base</Filter>
    </ClCompile>
    <ClCompile Include="base\EventDispatch.cpp">
      <Filter>base</Filter>
    </ClCompile>
    <ClCompile Include="base\FileUtil.cpp">
      <Filter>base</Filter>
    </ClCompile>
    <ClCompile Include="base\http_parser.cpp">
      <Filter>base</Filter>
    </ClCompile>
    <ClCompile Include="base\HttpClient.cpp">
      <Filter>base</Filter>
    </ClCompile>
    <ClCompile Include="base\HttpParserWrapper.cpp">
      <Filter>base</Filter>
    </ClCompile>
    <ClCompile Include="base\HttpServer.cpp">
      <Filter>base</Filter>
    </ClCompile>
    <ClCompile Include="base\im_conn_util.cpp">
      <Filter>base</Filter>
    </ClCompile>
    <ClCompile Include="base\imconn.cpp">
      <Filter>base</Filter>
    </ClCompile>
    <ClCompile Include="base\ImPduBase.cpp">
      <Filter>base</Filter>
    </ClCompile>
    <ClCompile Include="base\Lock.cpp">
      <Filter>base</Filter>
    </ClCompile>
    <ClCompile Include="base\log4z.cpp">
      <Filter>base</Filter>
    </ClCompile>
    <ClCompile Include="base\netlib.cpp">
      <Filter>base</Filter>
    </ClCompile>
    <ClCompile Include="base\Process.cpp">
      <Filter>base</Filter>
    </ClCompile>
    <ClCompile Include="base\rbtree.cpp">
      <Filter>base</Filter>
    </ClCompile>
    <ClCompile Include="base\ServInfo.cpp">
      <Filter>base</Filter>
    </ClCompile>
    <ClCompile Include="base\SslSocket.cpp">
      <Filter>base</Filter>
    </ClCompile>
    <ClCompile Include="base\Thread.cpp">
      <Filter>base</Filter>
    </ClCompile>
    <ClCompile Include="base\ThreadPool.cpp">
      <Filter>base</Filter>
    </ClCompile>
    <ClCompile Include="base\TokenValidator.cpp">
      <Filter>base</Filter>
    </ClCompile>
    <ClCompile Include="base\util.cpp">
      <Filter>base</Filter>
    </ClCompile>
    <ClCompile Include="base\UtilPdu.cpp">
      <Filter>base</Filter>
    </ClCompile>
  </ItemGroup>
  <ItemGroup>
    <ClInclude Include="RocketMQ.h">
      <Filter>源文件</Filter>
    </ClInclude>
    <ClInclude Include="Consumer.h">
      <Filter>源文件</Filter>
    </ClInclude>
    <ClInclude Include="Global.h">
      <Filter>源文件</Filter>
    </ClInclude>
    <ClInclude Include="MsgListener.h">
      <Filter>源文件</Filter>
    </ClInclude>
    <ClInclude Include="Producer.h">
      <Filter>源文件</Filter>
    </ClInclude>
    <ClInclude Include="MsgHandler.h">
      <Filter>头文件</Filter>
    </ClInclude>
    <ClInclude Include="base\atomic.h">
      <Filter>base</Filter>
    </ClInclude>
    <ClInclude Include="base\Base64.h">
      <Filter>base</Filter>
    </ClInclude>
    <ClInclude Include="base\BaseSocket.h">
      <Filter>base</Filter>
    </ClInclude>
    <ClInclude Include="base\Condition.h">
      <Filter>base</Filter>
    </ClInclude>
    <ClInclude Include="base\ConfigFileReader.h">
      <Filter>base</Filter>
    </ClInclude>
    <ClInclude Include="base\CPlusPlus11.h">
      <Filter>base</Filter>
    </ClInclude>
    <ClInclude Include="base\EncDec.h">
      <Filter>base</Filter>
    </ClInclude>
    <ClInclude Include="base\EventDispatch.h">
      <Filter>base</Filter>
    </ClInclude>
    <ClInclude Include="base\FileUtil.h">
      <Filter>base</Filter>
    </ClInclude>
    <ClInclude Include="base\http_parser.h">
      <Filter>base</Filter>
    </ClInclude>
    <ClInclude Include="base\HttpClient.h">
      <Filter>base</Filter>
    </ClInclude>
    <ClInclude Include="base\HttpParserWrapper.h">
      <Filter>base</Filter>
    </ClInclude>
    <ClInclude Include="base\HttpServer.h">
      <Filter>base</Filter>
    </ClInclude>
    <ClInclude Include="base\im_conn_util.h">
      <Filter>base</Filter>
    </ClInclude>
    <ClInclude Include="base\imconn.h">
      <Filter>base</Filter>
    </ClInclude>
    <ClInclude Include="base\impdu.h">
      <Filter>base</Filter>
    </ClInclude>
    <ClInclude Include="base\ImPduBase.h">
      <Filter>base</Filter>
    </ClInclude>
    <ClInclude Include="base\Lock.h">
      <Filter>base</Filter>
    </ClInclude>
    <ClInclude Include="base\log4z.h">
      <Filter>base</Filter>
    </ClInclude>
    <ClInclude Include="base\netlib.h">
      <Filter>base</Filter>
    </ClInclude>
    <ClInclude Include="base\ostype.h">
      <Filter>base</Filter>
    </ClInclude>
    <ClInclude Include="base\Process.h">
      <Filter>base</Filter>
    </ClInclude>
    <ClInclude Include="base\public_define.h">
      <Filter>base</Filter>
    </ClInclude>
    <ClInclude Include="base\rbtree.h">
      <Filter>base</Filter>
    </ClInclude>
    <ClInclude Include="base\ServInfo.h">
      <Filter>base</Filter>
    </ClInclude>
    <ClInclude Include="base\singleton.h">
      <Filter>base</Filter>
    </ClInclude>
    <ClInclude Include="base\SslSocket.h">
      <Filter>base</Filter>
    </ClInclude>
    <ClInclude Include="base\Task.h">
      <Filter>base</Filter>
    </ClInclude>
    <ClInclude Include="base\Thread.h">
      <Filter>base</Filter>
    </ClInclude>
    <ClInclude Include="base\ThreadPool.h">
      <Filter>base</Filter>
    </ClInclude>
    <ClInclude Include="base\TokenValidator.h">
      <Filter>base</Filter>
    </ClInclude>
    <ClInclude Include="base\util.h">
      <Filter>base</Filter>
    </ClInclude>
    <ClInclude Include="base\UtilPdu.h">
      <Filter>base</Filter>
    </ClInclude>
    <ClInclude Include="base\version.h">
      <Filter>base</Filter>
    </ClInclude>
  </ItemGroup>
  <ItemGroup>
    <Text Include="base\CMakeLists.txt">
      <Filter>base</Filter>
    </Text>
  </ItemGroup>
</Project>